
Microsoft Visual Studio Solution File, Format Version 12.00
# Visual Studio Version 16
VisualStudioVersion = 16.0.29503.13
MinimumVisualStudioVersion = 10.0.40219.1
Project("{FAE04EC0-301F-11D3-BF4B-00C04F79EFBC}") = "Fibonacci", "Fibonacci.csproj", "{39DB710C-E3C5-4151-BFDD-75FB28A306F5}"
EndProject
Global
	GlobalSection(SolutionConfigurationPlatforms) = preSolution
		Debug|Any CPU = Debug|Any CPU
		Release|Any CPU = Release|Any CPU
	EndGlobalSection
	GlobalSection(ProjectConfigurationPlatforms) = postSolution
		{39DB710C-E3C5-4151-BFDD-75FB28A306F5}.Debug|Any CPU.ActiveCfg = Debug|Any CPU
		{39DB710C-E3C5-4151-BFDD-75FB28A306F5}.Debug|Any CPU.Build.0 = Debug|Any CPU
		{39DB710C-E3C5-4151-BFDD-75FB28A306F5}.Release|Any CPU.ActiveCfg = Release|Any CPU
		{39DB710C-E3C5-4151-BFDD-75FB28A306F5}.Release|Any CPU.Build.0 = Release|Any CPU
	EndGlobalSection
	GlobalSection(SolutionProperties) = preSolution
		HideSolutionNode = FALSE
	EndGlobalSection
	GlobalSection(ExtensibilityGlobals) = postSolution
		SolutionGuid = {BD9AE7A4-9311-44DC-B443-E94C35706919}
	EndGlobalSection
EndGlobal
