
Microsoft Visual Studio Solution File, Format Version 12.00
# Visual Studio Version 16
VisualStudioVersion = 16.0.29503.13
MinimumVisualStudioVersion = 10.0.40219.1
Project("{FAE04EC0-301F-11D3-BF4B-00C04F79EFBC}") = "Clase1", "Clase1.csproj", "{641E58DF-1A87-4757-8544-28A43715FB99}"
EndProject
Global
	GlobalSection(SolutionConfigurationPlatforms) = preSolution
		Debug|Any CPU = Debug|Any CPU
		Release|Any CPU = Release|Any CPU
	EndGlobalSection
	GlobalSection(ProjectConfigurationPlatforms) = postSolution
		{641E58DF-1A87-4757-8544-28A43715FB99}.Debug|Any CPU.ActiveCfg = Debug|Any CPU
		{641E58DF-1A87-4757-8544-28A43715FB99}.Debug|Any CPU.Build.0 = Debug|Any CPU
		{641E58DF-1A87-4757-8544-28A43715FB99}.Release|Any CPU.ActiveCfg = Release|Any CPU
		{641E58DF-1A87-4757-8544-28A43715FB99}.Release|Any CPU.Build.0 = Release|Any CPU
	EndGlobalSection
	GlobalSection(SolutionProperties) = preSolution
		HideSolutionNode = FALSE
	EndGlobalSection
	GlobalSection(ExtensibilityGlobals) = postSolution
		SolutionGuid = {1EE604BF-0420-4603-890D-428115BFE445}
	EndGlobalSection
EndGlobal
