
Microsoft Visual Studio Solution File, Format Version 12.00
# Visual Studio Version 16
VisualStudioVersion = 16.0.29503.13
MinimumVisualStudioVersion = 10.0.40219.1
Project("{FAE04EC0-301F-11D3-BF4B-00C04F79EFBC}") = "GenericList", "GenericList.csproj", "{6D38D908-BA38-4A55-A893-EF6623E64ED5}"
EndProject
Global
	GlobalSection(SolutionConfigurationPlatforms) = preSolution
		Debug|Any CPU = Debug|Any CPU
		Release|Any CPU = Release|Any CPU
	EndGlobalSection
	GlobalSection(ProjectConfigurationPlatforms) = postSolution
		{6D38D908-BA38-4A55-A893-EF6623E64ED5}.Debug|Any CPU.ActiveCfg = Debug|Any CPU
		{6D38D908-BA38-4A55-A893-EF6623E64ED5}.Debug|Any CPU.Build.0 = Debug|Any CPU
		{6D38D908-BA38-4A55-A893-EF6623E64ED5}.Release|Any CPU.ActiveCfg = Release|Any CPU
		{6D38D908-BA38-4A55-A893-EF6623E64ED5}.Release|Any CPU.Build.0 = Release|Any CPU
	EndGlobalSection
	GlobalSection(SolutionProperties) = preSolution
		HideSolutionNode = FALSE
	EndGlobalSection
	GlobalSection(ExtensibilityGlobals) = postSolution
		SolutionGuid = {9FFA1BAF-8ED9-4381-9864-D711A4D0C5E1}
	EndGlobalSection
EndGlobal
