
Microsoft Visual Studio Solution File, Format Version 12.00
# Visual Studio Version 16
VisualStudioVersion = 16.0.29503.13
MinimumVisualStudioVersion = 10.0.40219.1
Project("{FAE04EC0-301F-11D3-BF4B-00C04F79EFBC}") = "Rendimiento", "Rendimiento.csproj", "{7A7374CD-3EDE-4D96-B65A-A3537629BB76}"
EndProject
Global
	GlobalSection(SolutionConfigurationPlatforms) = preSolution
		Debug|Any CPU = Debug|Any CPU
		Release|Any CPU = Release|Any CPU
	EndGlobalSection
	GlobalSection(ProjectConfigurationPlatforms) = postSolution
		{7A7374CD-3EDE-4D96-B65A-A3537629BB76}.Debug|Any CPU.ActiveCfg = Debug|Any CPU
		{7A7374CD-3EDE-4D96-B65A-A3537629BB76}.Debug|Any CPU.Build.0 = Debug|Any CPU
		{7A7374CD-3EDE-4D96-B65A-A3537629BB76}.Release|Any CPU.ActiveCfg = Release|Any CPU
		{7A7374CD-3EDE-4D96-B65A-A3537629BB76}.Release|Any CPU.Build.0 = Release|Any CPU
	EndGlobalSection
	GlobalSection(SolutionProperties) = preSolution
		HideSolutionNode = FALSE
	EndGlobalSection
	GlobalSection(ExtensibilityGlobals) = postSolution
		SolutionGuid = {2CA5B252-7912-4812-AA27-172E0D783F17}
	EndGlobalSection
EndGlobal
